
Microsoft Visual Studio Solution File, Format Version 11.00
# Visual Studio 2010
Project("{FAE04EC0-301F-11D3-BF4B-00C04F79EFBC}") = "Cloudy", "Cloudy\Cloudy.csproj", "{670CB013-9734-4D71-BE05-070FED4C0EF2}"
EndProject
Global
	GlobalSection(SolutionConfigurationPlatforms) = preSolution
		Debug|Any CPU = Debug|Any CPU
		Release|Any CPU = Release|Any CPU
	EndGlobalSection
	GlobalSection(ProjectConfigurationPlatforms) = postSolution
		{670CB013-9734-4D71-BE05-070FED4C0EF2}.Debug|Any CPU.ActiveCfg = Debug|Any CPU
		{670CB013-9734-4D71-BE05-070FED4C0EF2}.Debug|Any CPU.Build.0 = Debug|Any CPU
		{670CB013-9734-4D71-BE05-070FED4C0EF2}.Release|Any CPU.ActiveCfg = Release|Any CPU
		{670CB013-9734-4D71-BE05-070FED4C0EF2}.Release|Any CPU.Build.0 = Release|Any CPU
	EndGlobalSection
	GlobalSection(SolutionProperties) = preSolution
		HideSolutionNode = FALSE
	EndGlobalSection
EndGlobal
