
Microsoft Visual Studio Solution File, Format Version 11.00
# Visual Studio 2010
Project("{FAE04EC0-301F-11D3-BF4B-00C04F79EFBC}") = "Cloudy", "Cloudy\Cloudy.csproj", "{670CB013-9734-4D71-BE05-070FED4C0EF2}"
EndProject
Project("{FAE04EC0-301F-11D3-BF4B-00C04F79EFBC}") = "Cloudy.Test", "Cloudy.Test\Cloudy.Test.csproj", "{585C6335-6955-4556-8884-E2DF7987E870}"
EndProject
Project("{FAE04EC0-301F-11D3-BF4B-00C04F79EFBC}") = "Cloudy.Examples.Static.Pi.Master", "Cloudy.Examples.Static.Pi.Master\Cloudy.Examples.Static.Pi.Master.csproj", "{4343BA51-6736-49EE-A6ED-B096EF5BAFA0}"
EndProject
Project("{FAE04EC0-301F-11D3-BF4B-00C04F79EFBC}") = "Cloudy.Examples.Static.Pi.Slave", "Cloudy.Examples.Static.Pi.Slave\Cloudy.Examples.Static.Pi.Slave.csproj", "{D8246BA9-4506-47A7-BE1F-FD9CF02033A6}"
EndProject
Project("{FAE04EC0-301F-11D3-BF4B-00C04F79EFBC}") = "Cloudy.Examples.Shared", "Cloudy.Examples.Shared\Cloudy.Examples.Shared.csproj", "{E2C08F4D-6607-4520-9E2B-DCBB03F1A78E}"
EndProject
Project("{FAE04EC0-301F-11D3-BF4B-00C04F79EFBC}") = "Cloudy.Protobuf", "Cloudy.Protobuf\Cloudy.Protobuf.csproj", "{C61D18FC-1546-40FA-B917-A972FA25B7ED}"
EndProject
Project("{FAE04EC0-301F-11D3-BF4B-00C04F79EFBC}") = "Cloudy.Protobuf.Analyzer", "Cloudy.Protobuf.Analyzer\Cloudy.Protobuf.Analyzer.csproj", "{B6AAFC25-7797-43E2-B65B-1070E3F539BF}"
EndProject
Project("{FAE04EC0-301F-11D3-BF4B-00C04F79EFBC}") = "Cloudy.Examples.Static.MapReduce.Master", "Cloudy.Examples.Static.MapReduce.Master\Cloudy.Examples.Static.MapReduce.Master.csproj", "{B5348BA1-D34E-47B1-9894-191214D62ACB}"
EndProject
Project("{FAE04EC0-301F-11D3-BF4B-00C04F79EFBC}") = "Cloudy.Examples.Static.MapReduce.Slave", "Cloudy.Examples.Static.MapReduce.Slave\Cloudy.Examples.Static.MapReduce.Slave.csproj", "{88D4E095-FF39-424E-B537-67F06D0123AC}"
EndProject
Project("{8BC9CEB8-8B4A-11D0-8D11-00A0C91BC942}") = "Mpi.Examples.Pi", "Mpi.Examples.Pi\Mpi.Examples.Pi.vcxproj", "{7D791744-5CF0-4FC0-B87C-2CE3F86079BB}"
EndProject
Global
	GlobalSection(SolutionConfigurationPlatforms) = preSolution
		Debug|x86 = Debug|x86
		Release|x86 = Release|x86
	EndGlobalSection
	GlobalSection(ProjectConfigurationPlatforms) = postSolution
		{670CB013-9734-4D71-BE05-070FED4C0EF2}.Debug|x86.ActiveCfg = Debug|Any CPU
		{670CB013-9734-4D71-BE05-070FED4C0EF2}.Debug|x86.Build.0 = Debug|Any CPU
		{670CB013-9734-4D71-BE05-070FED4C0EF2}.Release|x86.ActiveCfg = Release|Any CPU
		{670CB013-9734-4D71-BE05-070FED4C0EF2}.Release|x86.Build.0 = Release|Any CPU
		{585C6335-6955-4556-8884-E2DF7987E870}.Debug|x86.ActiveCfg = Debug|Any CPU
		{585C6335-6955-4556-8884-E2DF7987E870}.Debug|x86.Build.0 = Debug|Any CPU
		{585C6335-6955-4556-8884-E2DF7987E870}.Release|x86.ActiveCfg = Release|Any CPU
		{585C6335-6955-4556-8884-E2DF7987E870}.Release|x86.Build.0 = Release|Any CPU
		{4343BA51-6736-49EE-A6ED-B096EF5BAFA0}.Debug|x86.ActiveCfg = Debug|x86
		{4343BA51-6736-49EE-A6ED-B096EF5BAFA0}.Debug|x86.Build.0 = Debug|x86
		{4343BA51-6736-49EE-A6ED-B096EF5BAFA0}.Release|x86.ActiveCfg = Release|x86
		{4343BA51-6736-49EE-A6ED-B096EF5BAFA0}.Release|x86.Build.0 = Release|x86
		{D8246BA9-4506-47A7-BE1F-FD9CF02033A6}.Debug|x86.ActiveCfg = Debug|x86
		{D8246BA9-4506-47A7-BE1F-FD9CF02033A6}.Debug|x86.Build.0 = Debug|x86
		{D8246BA9-4506-47A7-BE1F-FD9CF02033A6}.Release|x86.ActiveCfg = Release|x86
		{D8246BA9-4506-47A7-BE1F-FD9CF02033A6}.Release|x86.Build.0 = Release|x86
		{E2C08F4D-6607-4520-9E2B-DCBB03F1A78E}.Debug|x86.ActiveCfg = Debug|Any CPU
		{E2C08F4D-6607-4520-9E2B-DCBB03F1A78E}.Debug|x86.Build.0 = Debug|Any CPU
		{E2C08F4D-6607-4520-9E2B-DCBB03F1A78E}.Release|x86.ActiveCfg = Release|Any CPU
		{E2C08F4D-6607-4520-9E2B-DCBB03F1A78E}.Release|x86.Build.0 = Release|Any CPU
		{C61D18FC-1546-40FA-B917-A972FA25B7ED}.Debug|x86.ActiveCfg = Debug|Any CPU
		{C61D18FC-1546-40FA-B917-A972FA25B7ED}.Debug|x86.Build.0 = Debug|Any CPU
		{C61D18FC-1546-40FA-B917-A972FA25B7ED}.Release|x86.ActiveCfg = Release|Any CPU
		{C61D18FC-1546-40FA-B917-A972FA25B7ED}.Release|x86.Build.0 = Release|Any CPU
		{B6AAFC25-7797-43E2-B65B-1070E3F539BF}.Debug|x86.ActiveCfg = Debug|x86
		{B6AAFC25-7797-43E2-B65B-1070E3F539BF}.Debug|x86.Build.0 = Debug|x86
		{B6AAFC25-7797-43E2-B65B-1070E3F539BF}.Release|x86.ActiveCfg = Release|x86
		{B6AAFC25-7797-43E2-B65B-1070E3F539BF}.Release|x86.Build.0 = Release|x86
		{B5348BA1-D34E-47B1-9894-191214D62ACB}.Debug|x86.ActiveCfg = Debug|x86
		{B5348BA1-D34E-47B1-9894-191214D62ACB}.Debug|x86.Build.0 = Debug|x86
		{B5348BA1-D34E-47B1-9894-191214D62ACB}.Release|x86.ActiveCfg = Release|x86
		{B5348BA1-D34E-47B1-9894-191214D62ACB}.Release|x86.Build.0 = Release|x86
		{88D4E095-FF39-424E-B537-67F06D0123AC}.Debug|x86.ActiveCfg = Debug|x86
		{88D4E095-FF39-424E-B537-67F06D0123AC}.Debug|x86.Build.0 = Debug|x86
		{88D4E095-FF39-424E-B537-67F06D0123AC}.Release|x86.ActiveCfg = Release|x86
		{88D4E095-FF39-424E-B537-67F06D0123AC}.Release|x86.Build.0 = Release|x86
		{7D791744-5CF0-4FC0-B87C-2CE3F86079BB}.Debug|x86.ActiveCfg = Debug|Win32
		{7D791744-5CF0-4FC0-B87C-2CE3F86079BB}.Debug|x86.Build.0 = Debug|Win32
		{7D791744-5CF0-4FC0-B87C-2CE3F86079BB}.Release|x86.ActiveCfg = Release|Win32
		{7D791744-5CF0-4FC0-B87C-2CE3F86079BB}.Release|x86.Build.0 = Release|Win32
	EndGlobalSection
	GlobalSection(SolutionProperties) = preSolution
		HideSolutionNode = FALSE
	EndGlobalSection
EndGlobal
