
Microsoft Visual Studio Solution File, Format Version 11.00
# Visual Studio 2010
Project("{FAE04EC0-301F-11D3-BF4B-00C04F79EFBC}") = "Cloudy", "Cloudy\Cloudy.csproj", "{670CB013-9734-4D71-BE05-070FED4C0EF2}"
EndProject
Project("{FAE04EC0-301F-11D3-BF4B-00C04F79EFBC}") = "Cloudy.Test", "Cloudy.Test\Cloudy.Test.csproj", "{585C6335-6955-4556-8884-E2DF7987E870}"
EndProject
Project("{FAE04EC0-301F-11D3-BF4B-00C04F79EFBC}") = "Cloudy.Examples.Static.Pi.Master", "Cloudy.Examples.Static.Pi.Master\Cloudy.Examples.Static.Pi.Master.csproj", "{4343BA51-6736-49EE-A6ED-B096EF5BAFA0}"
EndProject
Project("{FAE04EC0-301F-11D3-BF4B-00C04F79EFBC}") = "Cloudy.Examples.Static.Pi.Slave", "Cloudy.Examples.Static.Pi.Slave\Cloudy.Examples.Static.Pi.Slave.csproj", "{D8246BA9-4506-47A7-BE1F-FD9CF02033A6}"
EndProject
Project("{FAE04EC0-301F-11D3-BF4B-00C04F79EFBC}") = "Cloudy.Examples.Shared", "Cloudy.Examples.Shared\Cloudy.Examples.Shared.csproj", "{E2C08F4D-6607-4520-9E2B-DCBB03F1A78E}"
EndProject
Project("{FAE04EC0-301F-11D3-BF4B-00C04F79EFBC}") = "Cloudy.Protobuf", "Cloudy.Protobuf\Cloudy.Protobuf.csproj", "{C61D18FC-1546-40FA-B917-A972FA25B7ED}"
EndProject
Project("{FAE04EC0-301F-11D3-BF4B-00C04F79EFBC}") = "Cloudy.Protobuf.Analyzer", "Cloudy.Protobuf.Analyzer\Cloudy.Protobuf.Analyzer.csproj", "{B6AAFC25-7797-43E2-B65B-1070E3F539BF}"
EndProject
Project("{FAE04EC0-301F-11D3-BF4B-00C04F79EFBC}") = "Cloudy.Examples.Static.MapReduce.Master", "Cloudy.Examples.Static.MapReduce.Master\Cloudy.Examples.Static.MapReduce.Master.csproj", "{B5348BA1-D34E-47B1-9894-191214D62ACB}"
EndProject
Project("{FAE04EC0-301F-11D3-BF4B-00C04F79EFBC}") = "Cloudy.Examples.Static.MapReduce.Slave", "Cloudy.Examples.Static.MapReduce.Slave\Cloudy.Examples.Static.MapReduce.Slave.csproj", "{88D4E095-FF39-424E-B537-67F06D0123AC}"
EndProject
Project("{FAE04EC0-301F-11D3-BF4B-00C04F79EFBC}") = "Cloudy.Examples.Static.Gather.Master", "Cloudy.Examples.Static.Gather.Master\Cloudy.Examples.Static.Gather.Master.csproj", "{99EEC7D3-9B06-4A45-8F7F-F4BA1856DFD2}"
EndProject
Project("{FAE04EC0-301F-11D3-BF4B-00C04F79EFBC}") = "Cloudy.Examples.Static.Gather.Slave", "Cloudy.Examples.Static.Gather.Slave\Cloudy.Examples.Static.Gather.Slave.csproj", "{9826995D-F078-4234-81CC-24F4FC383B26}"
EndProject
Project("{FAE04EC0-301F-11D3-BF4B-00C04F79EFBC}") = "Cloudy.Examples.Static.Scatter.Slave", "Cloudy.Examples.Static.Scatter.Slave\Cloudy.Examples.Static.Scatter.Slave.csproj", "{59C31162-70A4-46C2-90D8-9210D749D059}"
EndProject
Project("{FAE04EC0-301F-11D3-BF4B-00C04F79EFBC}") = "Cloudy.Examples.Static.Scatter.Master", "Cloudy.Examples.Static.Scatter.Master\Cloudy.Examples.Static.Scatter.Master.csproj", "{208020BC-B8F1-41B2-A984-735EB15E47B4}"
EndProject
Project("{FAE04EC0-301F-11D3-BF4B-00C04F79EFBC}") = "Cloudy.Examples.Static.AllGather.Master", "Cloudy.Examples.Static.AllGather.Master\Cloudy.Examples.Static.AllGather.Master.csproj", "{A3136ACC-224D-408A-91A8-838CA07966AC}"
EndProject
Project("{FAE04EC0-301F-11D3-BF4B-00C04F79EFBC}") = "Cloudy.Examples.Static.AllGather.Slave", "Cloudy.Examples.Static.AllGather.Slave\Cloudy.Examples.Static.AllGather.Slave.csproj", "{08D5DFA5-27C4-4BD2-ADA9-21CD160EC26E}"
EndProject
Project("{FAE04EC0-301F-11D3-BF4B-00C04F79EFBC}") = "Cloudy.Examples.Static.AllReduce.Master", "Cloudy.Examples.Static.AllReduce.Master\Cloudy.Examples.Static.AllReduce.Master.csproj", "{FFD3E538-5441-4AE0-B722-2BDB9958B3B2}"
EndProject
Project("{FAE04EC0-301F-11D3-BF4B-00C04F79EFBC}") = "Cloudy.Examples.Static.AllReduce.Slave", "Cloudy.Examples.Static.AllReduce.Slave\Cloudy.Examples.Static.AllReduce.Slave.csproj", "{DBF47606-E878-43B0-91CB-1560F0C86948}"
EndProject
Project("{2150E333-8FDC-42A3-9474-1A3956D46DE8}") = ".nuget", ".nuget", "{27F3A0D6-39E0-4A91-A78A-7C0E5B85C48E}"
	ProjectSection(SolutionItems) = preProject
		.nuget\NuGet.Config = .nuget\NuGet.Config
		.nuget\NuGet.exe = .nuget\NuGet.exe
		.nuget\NuGet.targets = .nuget\NuGet.targets
	EndProjectSection
EndProject
Global
	GlobalSection(SolutionConfigurationPlatforms) = preSolution
		Debug|x86 = Debug|x86
		Release|x86 = Release|x86
	EndGlobalSection
	GlobalSection(ProjectConfigurationPlatforms) = postSolution
		{670CB013-9734-4D71-BE05-070FED4C0EF2}.Debug|x86.ActiveCfg = Debug|Any CPU
		{670CB013-9734-4D71-BE05-070FED4C0EF2}.Debug|x86.Build.0 = Debug|Any CPU
		{670CB013-9734-4D71-BE05-070FED4C0EF2}.Release|x86.ActiveCfg = Release|Any CPU
		{670CB013-9734-4D71-BE05-070FED4C0EF2}.Release|x86.Build.0 = Release|Any CPU
		{585C6335-6955-4556-8884-E2DF7987E870}.Debug|x86.ActiveCfg = Debug|Any CPU
		{585C6335-6955-4556-8884-E2DF7987E870}.Debug|x86.Build.0 = Debug|Any CPU
		{585C6335-6955-4556-8884-E2DF7987E870}.Release|x86.ActiveCfg = Release|Any CPU
		{585C6335-6955-4556-8884-E2DF7987E870}.Release|x86.Build.0 = Release|Any CPU
		{4343BA51-6736-49EE-A6ED-B096EF5BAFA0}.Debug|x86.ActiveCfg = Debug|x86
		{4343BA51-6736-49EE-A6ED-B096EF5BAFA0}.Debug|x86.Build.0 = Debug|x86
		{4343BA51-6736-49EE-A6ED-B096EF5BAFA0}.Release|x86.ActiveCfg = Release|x86
		{4343BA51-6736-49EE-A6ED-B096EF5BAFA0}.Release|x86.Build.0 = Release|x86
		{D8246BA9-4506-47A7-BE1F-FD9CF02033A6}.Debug|x86.ActiveCfg = Debug|x86
		{D8246BA9-4506-47A7-BE1F-FD9CF02033A6}.Debug|x86.Build.0 = Debug|x86
		{D8246BA9-4506-47A7-BE1F-FD9CF02033A6}.Release|x86.ActiveCfg = Release|x86
		{D8246BA9-4506-47A7-BE1F-FD9CF02033A6}.Release|x86.Build.0 = Release|x86
		{E2C08F4D-6607-4520-9E2B-DCBB03F1A78E}.Debug|x86.ActiveCfg = Debug|Any CPU
		{E2C08F4D-6607-4520-9E2B-DCBB03F1A78E}.Debug|x86.Build.0 = Debug|Any CPU
		{E2C08F4D-6607-4520-9E2B-DCBB03F1A78E}.Release|x86.ActiveCfg = Release|Any CPU
		{E2C08F4D-6607-4520-9E2B-DCBB03F1A78E}.Release|x86.Build.0 = Release|Any CPU
		{C61D18FC-1546-40FA-B917-A972FA25B7ED}.Debug|x86.ActiveCfg = Debug|Any CPU
		{C61D18FC-1546-40FA-B917-A972FA25B7ED}.Debug|x86.Build.0 = Debug|Any CPU
		{C61D18FC-1546-40FA-B917-A972FA25B7ED}.Release|x86.ActiveCfg = Release|Any CPU
		{C61D18FC-1546-40FA-B917-A972FA25B7ED}.Release|x86.Build.0 = Release|Any CPU
		{B6AAFC25-7797-43E2-B65B-1070E3F539BF}.Debug|x86.ActiveCfg = Debug|x86
		{B6AAFC25-7797-43E2-B65B-1070E3F539BF}.Debug|x86.Build.0 = Debug|x86
		{B6AAFC25-7797-43E2-B65B-1070E3F539BF}.Release|x86.ActiveCfg = Release|x86
		{B6AAFC25-7797-43E2-B65B-1070E3F539BF}.Release|x86.Build.0 = Release|x86
		{B5348BA1-D34E-47B1-9894-191214D62ACB}.Debug|x86.ActiveCfg = Debug|x86
		{B5348BA1-D34E-47B1-9894-191214D62ACB}.Debug|x86.Build.0 = Debug|x86
		{B5348BA1-D34E-47B1-9894-191214D62ACB}.Release|x86.ActiveCfg = Release|x86
		{B5348BA1-D34E-47B1-9894-191214D62ACB}.Release|x86.Build.0 = Release|x86
		{88D4E095-FF39-424E-B537-67F06D0123AC}.Debug|x86.ActiveCfg = Debug|x86
		{88D4E095-FF39-424E-B537-67F06D0123AC}.Debug|x86.Build.0 = Debug|x86
		{88D4E095-FF39-424E-B537-67F06D0123AC}.Release|x86.ActiveCfg = Release|x86
		{88D4E095-FF39-424E-B537-67F06D0123AC}.Release|x86.Build.0 = Release|x86
		{99EEC7D3-9B06-4A45-8F7F-F4BA1856DFD2}.Debug|x86.ActiveCfg = Debug|x86
		{99EEC7D3-9B06-4A45-8F7F-F4BA1856DFD2}.Debug|x86.Build.0 = Debug|x86
		{99EEC7D3-9B06-4A45-8F7F-F4BA1856DFD2}.Release|x86.ActiveCfg = Release|x86
		{99EEC7D3-9B06-4A45-8F7F-F4BA1856DFD2}.Release|x86.Build.0 = Release|x86
		{9826995D-F078-4234-81CC-24F4FC383B26}.Debug|x86.ActiveCfg = Debug|x86
		{9826995D-F078-4234-81CC-24F4FC383B26}.Debug|x86.Build.0 = Debug|x86
		{9826995D-F078-4234-81CC-24F4FC383B26}.Release|x86.ActiveCfg = Release|x86
		{9826995D-F078-4234-81CC-24F4FC383B26}.Release|x86.Build.0 = Release|x86
		{59C31162-70A4-46C2-90D8-9210D749D059}.Debug|x86.ActiveCfg = Debug|x86
		{59C31162-70A4-46C2-90D8-9210D749D059}.Debug|x86.Build.0 = Debug|x86
		{59C31162-70A4-46C2-90D8-9210D749D059}.Release|x86.ActiveCfg = Release|x86
		{59C31162-70A4-46C2-90D8-9210D749D059}.Release|x86.Build.0 = Release|x86
		{208020BC-B8F1-41B2-A984-735EB15E47B4}.Debug|x86.ActiveCfg = Debug|x86
		{208020BC-B8F1-41B2-A984-735EB15E47B4}.Debug|x86.Build.0 = Debug|x86
		{208020BC-B8F1-41B2-A984-735EB15E47B4}.Release|x86.ActiveCfg = Release|x86
		{208020BC-B8F1-41B2-A984-735EB15E47B4}.Release|x86.Build.0 = Release|x86
		{A3136ACC-224D-408A-91A8-838CA07966AC}.Debug|x86.ActiveCfg = Debug|x86
		{A3136ACC-224D-408A-91A8-838CA07966AC}.Debug|x86.Build.0 = Debug|x86
		{A3136ACC-224D-408A-91A8-838CA07966AC}.Release|x86.ActiveCfg = Release|x86
		{A3136ACC-224D-408A-91A8-838CA07966AC}.Release|x86.Build.0 = Release|x86
		{08D5DFA5-27C4-4BD2-ADA9-21CD160EC26E}.Debug|x86.ActiveCfg = Debug|x86
		{08D5DFA5-27C4-4BD2-ADA9-21CD160EC26E}.Debug|x86.Build.0 = Debug|x86
		{08D5DFA5-27C4-4BD2-ADA9-21CD160EC26E}.Release|x86.ActiveCfg = Release|x86
		{08D5DFA5-27C4-4BD2-ADA9-21CD160EC26E}.Release|x86.Build.0 = Release|x86
		{FFD3E538-5441-4AE0-B722-2BDB9958B3B2}.Debug|x86.ActiveCfg = Debug|x86
		{FFD3E538-5441-4AE0-B722-2BDB9958B3B2}.Debug|x86.Build.0 = Debug|x86
		{FFD3E538-5441-4AE0-B722-2BDB9958B3B2}.Release|x86.ActiveCfg = Release|x86
		{FFD3E538-5441-4AE0-B722-2BDB9958B3B2}.Release|x86.Build.0 = Release|x86
		{DBF47606-E878-43B0-91CB-1560F0C86948}.Debug|x86.ActiveCfg = Debug|x86
		{DBF47606-E878-43B0-91CB-1560F0C86948}.Debug|x86.Build.0 = Debug|x86
		{DBF47606-E878-43B0-91CB-1560F0C86948}.Release|x86.ActiveCfg = Release|x86
		{DBF47606-E878-43B0-91CB-1560F0C86948}.Release|x86.Build.0 = Release|x86
	EndGlobalSection
	GlobalSection(SolutionProperties) = preSolution
		HideSolutionNode = FALSE
	EndGlobalSection
EndGlobal
